lockfileVersion: '9.0'

settings:
  autoInstallPeers: true
  excludeLinksFromLockfile: false

importers:

  .:
    dependencies:
      reveal.js:
        specifier: ^5.2.1
        version: 5.2.1
      reveal.js-multimodal:
        specifier: ^1.0.1
        version: 1.0.1

packages:

  body-scroll-lock-upgrade@1.1.0:
    resolution: {integrity: sha512-nnfVAS+tB7CS9RaksuHVTpgHWHF7fE/ptIBJnwZrMqImIvWJF1OGcLnMpBhC6qhkx9oelvyxmWXwmIJXCV98Sw==}

  marked@4.3.0:
    resolution: {integrity: sha512-PRsaiG84bK+AMvxziE/lCFss8juXjNaWzVbN5tXAm4XjeaS9NAHhop+PjQxz2A9h8Q4M/xGmzP8vqNwy6JeK0A==}
    engines: {node: '>= 12'}
    hasBin: true

  reveal.js-multimodal@1.0.1:
    resolution: {integrity: sha512-etpHrN3Wux6evPL843OXyLW4snKo2B7bd0cYe0RIC2e8A8L/uK2gxpz+auaQ/mzsN8vCIujS6jy6/+mlL9o+Cg==}

  reveal.js@5.1.0:
    resolution: {integrity: sha512-KDt7m0+xwKV6nAZt4CNPVFBf42sTKRQapg0bGGKB5PKO5XvChnMfwlZkybydHiQJ7p5+6LbHKRGrhXODdoNIaA==}
    engines: {node: '>=18.0.0'}

  reveal.js@5.2.1:
    resolution: {integrity: sha512-r7//6mIM5p34hFiDMvYfXgyjXqGRta+/psd9YtytsgRlrpRzFv4RbH76TXd2qD+7ZPZEbpBDhdRhJaFgfQ7zNQ==}
    engines: {node: '>=18.0.0'}

snapshots:

  body-scroll-lock-upgrade@1.1.0: {}

  marked@4.3.0: {}

  reveal.js-multimodal@1.0.1:
    dependencies:
      body-scroll-lock-upgrade: 1.1.0
      marked: 4.3.0
      reveal.js: 5.1.0

  reveal.js@5.1.0: {}

  reveal.js@5.2.1: {}
